
Microsoft Visual Studio Solution File, Format Version 12.00
# Visual Studio Version 17
VisualStudioVersion = 17.3.32811.315
MinimumVisualStudioVersion = 10.0.40219.1
Project("{FAE04EC0-301F-11D3-BF4B-00C04F79EFBC}") = "ProjHeranca", "ProjHeranca\ProjHeranca.csproj", "{50D512B9-F10A-4D73-912C-3CCCD884EFFA}"
EndProject
Global
	GlobalSection(SolutionConfigurationPlatforms) = preSolution
		Debug|Any CPU = Debug|Any CPU
		Release|Any CPU = Release|Any CPU
	EndGlobalSection
	GlobalSection(ProjectConfigurationPlatforms) = postSolution
		{50D512B9-F10A-4D73-912C-3CCCD884EFFA}.Debug|Any CPU.ActiveCfg = Debug|Any CPU
		{50D512B9-F10A-4D73-912C-3CCCD884EFFA}.Debug|Any CPU.Build.0 = Debug|Any CPU
		{50D512B9-F10A-4D73-912C-3CCCD884EFFA}.Release|Any CPU.ActiveCfg = Release|Any CPU
		{50D512B9-F10A-4D73-912C-3CCCD884EFFA}.Release|Any CPU.Build.0 = Release|Any CPU
	EndGlobalSection
	GlobalSection(SolutionProperties) = preSolution
		HideSolutionNode = FALSE
	EndGlobalSection
	GlobalSection(ExtensibilityGlobals) = postSolution
		SolutionGuid = {656D24B4-0954-4343-8ED5-B3CC176F2319}
	EndGlobalSection
EndGlobal
